{
    "name": "visualize-goals",
    "version": "1.0.0",
    "lockfileVersion": 3,
    "requires": true,
    "packages": {
        "": {
            "name": "visualize-goals",
            "version": "1.0.0",
            "license": "MIT",
            "dependencies": {
                "notionapi-agent": "^3.0.0"
            }
        },
        "node_modules/@dnpr/logger": {
            "version": "0.2.0",
            "resolved": "https://registry.npmjs.org/@dnpr/logger/-/logger-0.2.0.tgz",
            "integrity": "sha512-U384i5/SzH9qhgW0Ev95YGkQAww0pZT/IqtJIi5jB9lpGoPGPvXlwr9RMUtlz0T/pGulEmLmTqwxmDXqzFfJCg=="
        },
        "node_modules/@dnpr/make-request": {
            "version": "0.1.1",
            "resolved": "https://registry.npmjs.org/@dnpr/make-request/-/make-request-0.1.1.tgz",
            "integrity": "sha512-3la/iufCb7GFTy+pwiIZlH7LDQvQ0X/2gGtDG6klmkArjohiE+NNmCGQGisWlRJvKYN8pe793MJlkXCcbrIL5g=="
        },
        "node_modules/notionapi-agent": {
            "version": "3.0.0",
            "resolved": "https://registry.npmjs.org/notionapi-agent/-/notionapi-agent-3.0.0.tgz",
            "integrity": "sha512-irjXl6kt67iUz0x9POzP/rsOeEdj2f1YZ5B0lKR+Xt30r3/pWajjTyt4wLnFGNp2gu2at+PqsnK9J3Dt7JOerw==",
            "dependencies": {
                "@dnpr/logger": "^0.2.0",
                "@dnpr/make-request": "^0.1.1"
            }
        }
    }
}
